
Microsoft Visual Studio Solution File, Format Version 12.00
# Visual Studio Version 17
VisualStudioVersion = 17.5.33516.290
MinimumVisualStudioVersion = 10.0.40219.1
Project("{FAE04EC0-301F-11D3-BF4B-00C04F79EFBC}") = "adonet-db-videogame", "adonet-db-videogame\adonet-db-videogame.csproj", "{AB6FCB69-45C3-4F73-AAE9-3F92F09DBAD2}"
EndProject
Global
	GlobalSection(SolutionConfigurationPlatforms) = preSolution
		Debug|Any CPU = Debug|Any CPU
		Release|Any CPU = Release|Any CPU
	EndGlobalSection
	GlobalSection(ProjectConfigurationPlatforms) = postSolution
		{AB6FCB69-45C3-4F73-AAE9-3F92F09DBAD2}.Debug|Any CPU.ActiveCfg = Debug|Any CPU
		{AB6FCB69-45C3-4F73-AAE9-3F92F09DBAD2}.Debug|Any CPU.Build.0 = Debug|Any CPU
		{AB6FCB69-45C3-4F73-AAE9-3F92F09DBAD2}.Release|Any CPU.ActiveCfg = Release|Any CPU
		{AB6FCB69-45C3-4F73-AAE9-3F92F09DBAD2}.Release|Any CPU.Build.0 = Release|Any CPU
	EndGlobalSection
	GlobalSection(SolutionProperties) = preSolution
		HideSolutionNode = FALSE
	EndGlobalSection
	GlobalSection(ExtensibilityGlobals) = postSolution
		SolutionGuid = {4B02BC4C-A0D4-400D-A427-9C579DF092FB}
	EndGlobalSection
EndGlobal
